
Microsoft Visual Studio Solution File, Format Version 12.00
# Visual Studio Version 17
VisualStudioVersion = 17.10.35122.118
MinimumVisualStudioVersion = 10.0.40219.1
Project("{FAE04EC0-301F-11D3-BF4B-00C04F79EFBC}") = "Udemy_Krestik", "Udemy_Krestik.csproj", "{788169A6-81F8-4C07-A89A-C2B59624870A}"
EndProject
Global
	GlobalSection(SolutionConfigurationPlatforms) = preSolution
		Debug|Any CPU = Debug|Any CPU
		Release|Any CPU = Release|Any CPU
	EndGlobalSection
	GlobalSection(ProjectConfigurationPlatforms) = postSolution
		{788169A6-81F8-4C07-A89A-C2B59624870A}.Debug|Any CPU.ActiveCfg = Debug|Any CPU
		{788169A6-81F8-4C07-A89A-C2B59624870A}.Debug|Any CPU.Build.0 = Debug|Any CPU
		{788169A6-81F8-4C07-A89A-C2B59624870A}.Release|Any CPU.ActiveCfg = Release|Any CPU
		{788169A6-81F8-4C07-A89A-C2B59624870A}.Release|Any CPU.Build.0 = Release|Any CPU
	EndGlobalSection
	GlobalSection(SolutionProperties) = preSolution
		HideSolutionNode = FALSE
	EndGlobalSection
	GlobalSection(ExtensibilityGlobals) = postSolution
		SolutionGuid = {F70BF8D6-C6E7-45DD-AC21-1AB8F3A2CC56}
	EndGlobalSection
EndGlobal
